
Microsoft Visual Studio Solution File, Format Version 12.00
# Visual Studio 2013
VisualStudioVersion = 12.0.30501.0
MinimumVisualStudioVersion = 10.0.40219.1
Project("{F184B08F-C81C-45F6-A57F-5ABD9991F28F}") = "Palindroms", "Palindroms\Palindroms.vbproj", "{3A980CFF-0AF2-4911-9C17-5AC4CEEB7CAE}"
EndProject
Project("{FAE04EC0-301F-11D3-BF4B-00C04F79EFBC}") = "Words", "Words\Words.csproj", "{2E010769-749F-4E99-87C8-96AEFF4D70F6}"
EndProject
Global
	GlobalSection(SolutionConfigurationPlatforms) = preSolution
		Debug|Any CPU = Debug|Any CPU
		Release|Any CPU = Release|Any CPU
	EndGlobalSection
	GlobalSection(ProjectConfigurationPlatforms) = postSolution
		{3A980CFF-0AF2-4911-9C17-5AC4CEEB7CAE}.Debug|Any CPU.ActiveCfg = Debug|Any CPU
		{3A980CFF-0AF2-4911-9C17-5AC4CEEB7CAE}.Debug|Any CPU.Build.0 = Debug|Any CPU
		{3A980CFF-0AF2-4911-9C17-5AC4CEEB7CAE}.Release|Any CPU.ActiveCfg = Release|Any CPU
		{3A980CFF-0AF2-4911-9C17-5AC4CEEB7CAE}.Release|Any CPU.Build.0 = Release|Any CPU
		{2E010769-749F-4E99-87C8-96AEFF4D70F6}.Debug|Any CPU.ActiveCfg = Debug|Any CPU
		{2E010769-749F-4E99-87C8-96AEFF4D70F6}.Debug|Any CPU.Build.0 = Debug|Any CPU
		{2E010769-749F-4E99-87C8-96AEFF4D70F6}.Release|Any CPU.ActiveCfg = Release|Any CPU
		{2E010769-749F-4E99-87C8-96AEFF4D70F6}.Release|Any CPU.Build.0 = Release|Any CPU
	EndGlobalSection
	GlobalSection(SolutionProperties) = preSolution
		HideSolutionNode = FALSE
	EndGlobalSection
EndGlobal
